
Microsoft Visual Studio Solution File, Format Version 10.00
# Visual Studio 2008
Project("{FAE04EC0-301F-11D3-BF4B-00C04F79EFBC}") = "Nissi.Util", "Nissi.Util.csproj", "{EDAEF629-CEC4-4EC4-A1FA-3D37E487C5A7}"
EndProject
Global
	GlobalSection(SolutionConfigurationPlatforms) = preSolution
		Debug|Any CPU = Debug|Any CPU
		Release|Any CPU = Release|Any CPU
	EndGlobalSection
	GlobalSection(ProjectConfigurationPlatforms) = postSolution
		{EDAEF629-CEC4-4EC4-A1FA-3D37E487C5A7}.Debug|Any CPU.ActiveCfg = Debug|Any CPU
		{EDAEF629-CEC4-4EC4-A1FA-3D37E487C5A7}.Debug|Any CPU.Build.0 = Debug|Any CPU
		{EDAEF629-CEC4-4EC4-A1FA-3D37E487C5A7}.Release|Any CPU.ActiveCfg = Release|Any CPU
		{EDAEF629-CEC4-4EC4-A1FA-3D37E487C5A7}.Release|Any CPU.Build.0 = Release|Any CPU
	EndGlobalSection
	GlobalSection(SolutionProperties) = preSolution
		HideSolutionNode = FALSE
	EndGlobalSection
EndGlobal
